// !$*UTF8*$!
{
	archiveVersion = 1;
	classes = {
	};
	objectVersion = 50;
	objects = {

/* Begin PBXBuildFile section */
		0A5EFC8F25BFC3E1008E3EAA /* AppDelegate.swift in Sources */ = {isa = PBXBuildFile; fileRef = 0A5EFC8E25BFC3E1008E3EAA /* AppDelegate.swift */; };
		0A5EFC9125BFC3E1008E3EAA /* SceneDelegate.swift in Sources */ = {isa = PBXBuildFile; fileRef = 0A5EFC9025BFC3E1008E3EAA /* SceneDelegate.swift */; };
		0A5EFC9325BFC3E1008E3EAA /* ViewController.swift in Sources */ = {isa = PBXBuildFile; fileRef = 0A5EFC9225BFC3E1008E3EAA /* ViewController.swift */; };
		0A5EFC9625BFC3E1008E3EAA /* Main.storyboard in Resources */ = {isa = PBXBuildFile; fileRef = 0A5EFC9425BFC3E1008E3EAA /* Main.storyboard */; };
		0A5EFC9825BFC3E4008E3EAA /* Assets.xcassets in Resources */ = {isa = PBXBuildFile; fileRef = 0A5EFC9725BFC3E4008E3EAA /* Assets.xcassets */; };
		0A5EFC9B25BFC3E4008E3EAA /* LaunchScreen.storyboard in Resources */ = {isa = PBXBuildFile; fileRef = 0A5EFC9925BFC3E4008E3EAA /* LaunchScreen.storyboard */; };
		0A5EFCA625BFC5D2008E3EAA /* TestCell.swift in Sources */ = {isa = PBXBuildFile; fileRef = 0A5EFCA425BFC5D2008E3EAA /* TestCell.swift */; };
		0A5EFCA725BFC5D2008E3EAA /* TestCell.xib in Resources */ = {isa = PBXBuildFile; fileRef = 0A5EFCA525BFC5D2008E3EAA /* TestCell.xib */; };
		0A5EFCAF25BFF9E5008E3EAA /* SkeletonCell.swift in Sources */ = {isa = PBXBuildFile; fileRef = 0A5EFCAD25BFF9E5008E3EAA /* SkeletonCell.swift */; };
		0A5EFCB025BFF9E5008E3EAA /* SkeletonCell.xib in Resources */ = {isa = PBXBuildFile; fileRef = 0A5EFCAE25BFF9E5008E3EAA /* SkeletonCell.xib */; };
		0A5EFCB325BFF9FB008E3EAA /* SkeletonViewController.swift in Sources */ = {isa = PBXBuildFile; fileRef = 0A5EFCB225BFF9FB008E3EAA /* SkeletonViewController.swift */; };
		CCDF3A5128D004AA879A4F24 /* Pods_Animated_Cell.framework in Frameworks */ = {isa = PBXBuildFile; fileRef = 1C2AA5EAF155F9C055F903B8 /* Pods_Animated_Cell.framework */; };
/* End PBXBuildFile section */

/* Begin PBXFileReference section */
		0A5EFC8B25BFC3E1008E3EAA /* Animated Cell.app */ = {isa = PBXFileReference; explicitFileType = wrapper.application; includeInIndex = 0; path = "Animated Cell.app"; sourceTree = BUILT_PRODUCTS_DIR; };
		0A5EFC8E25BFC3E1008E3EAA /* AppDelegate.swift */ = {isa = PBXFileReference; lastKnownFileType = sourcecode.swift; path = AppDelegate.swift; sourceTree = "<group>"; };
		0A5EFC9025BFC3E1008E3EAA /* SceneDelegate.swift */ = {isa = PBXFileReference; lastKnownFileType = sourcecode.swift; path = SceneDelegate.swift; sourceTree = "<group>"; };
		0A5EFC9225BFC3E1008E3EAA /* ViewController.swift */ = {isa = PBXFileReference; lastKnownFileType = sourcecode.swift; path = ViewController.swift; sourceTree = "<group>"; };
		0A5EFC9525BFC3E1008E3EAA /* Base */ = {isa = PBXFileReference; lastKnownFileType = file.storyboard; name = Base; path = Base.lproj/Main.storyboard; sourceTree = "<group>"; };
		0A5EFC9725BFC3E4008E3EAA /* Assets.xcassets */ = {isa = PBXFileReference; lastKnownFileType = folder.assetcatalog; path = Assets.xcassets; sourceTree = "<group>"; };
		0A5EFC9A25BFC3E4008E3EAA /* Base */ = {isa = PBXFileReference; lastKnownFileType = file.storyboard; name = Base; path = Base.lproj/LaunchScreen.storyboard; sourceTree = "<group>"; };
		0A5EFC9C25BFC3E4008E3EAA /* Info.plist */ = {isa = PBXFileReference; lastKnownFileType = text.plist.xml; path = Info.plist; sourceTree = "<group>"; };
		0A5EFCA425BFC5D2008E3EAA /* TestCell.swift */ = {isa = PBXFileReference; lastKnownFileType = sourcecode.swift; path = TestCell.swift; sourceTree = "<group>"; };
		0A5EFCA525BFC5D2008E3EAA /* TestCell.xib */ = {isa = PBXFileReference; lastKnownFileType = file.xib; path = TestCell.xib; sourceTree = "<group>"; };
		0A5EFCAD25BFF9E5008E3EAA /* SkeletonCell.swift */ = {isa = PBXFileReference; lastKnownFileType = sourcecode.swift; path = SkeletonCell.swift; sourceTree = "<group>"; };
		0A5EFCAE25BFF9E5008E3EAA /* SkeletonCell.xib */ = {isa = PBXFileReference; lastKnownFileType = file.xib; path = SkeletonCell.xib; sourceTree = "<group>"; };
		0A5EFCB225BFF9FB008E3EAA /* SkeletonViewController.swift */ = {isa = PBXFileReference; lastKnownFileType = sourcecode.swift; path = SkeletonViewController.swift; sourceTree = "<group>"; };
		1C2AA5EAF155F9C055F903B8 /* Pods_Animated_Cell.framework */ = {isa = PBXFileReference; explicitFileType = wrapper.framework; includeInIndex = 0; path = Pods_Animated_Cell.framework; sourceTree = BUILT_PRODUCTS_DIR; };
		4E69A47ECF9192DE944F5EF6 /* Pods-Animated Cell.release.xcconfig */ = {isa = PBXFileReference; includeInIndex = 1; lastKnownFileType = text.xcconfig; name = "Pods-Animated Cell.release.xcconfig"; path = "Target Support Files/Pods-Animated Cell/Pods-Animated Cell.release.xcconfig"; sourceTree = "<group>"; };
		BA0F32B285DA69B5CC75D06C /* Pods-Animated Cell.debug.xcconfig */ = {isa = PBXFileReference; includeInIndex = 1; lastKnownFileType = text.xcconfig; name = "Pods-Animated Cell.debug.xcconfig"; path = "Target Support Files/Pods-Animated Cell/Pods-Animated Cell.debug.xcconfig"; sourceTree = "<group>"; };
/* End PBXFileReference section */

/* Begin PBXFrameworksBuildPhase section */
		0A5EFC8825BFC3E1008E3EAA /* Frameworks */ = {
			isa = PBXFrameworksBuildPhase;
			buildActionMask = 2147483647;
			files = (
				CCDF3A5128D004AA879A4F24 /* Pods_Animated_Cell.framework in Frameworks */,
			);
			runOnlyForDeploymentPostprocessing = 0;
		};
/* End PBXFrameworksBuildPhase section */

/* Begin PBXGroup section */
		0A5EFC8225BFC3E0008E3EAA = {
			isa = PBXGroup;
			children = (
				0A5EFC8D25BFC3E1008E3EAA /* Animated Cell */,
				0A5EFC8C25BFC3E1008E3EAA /* Products */,
				B7EEA6A2EA2E213E74D0E14F /* Pods */,
				0F5F85D1FBCA3DABB99BCAD9 /* Frameworks */,
			);
			sourceTree = "<group>";
		};
		0A5EFC8C25BFC3E1008E3EAA /* Products */ = {
			isa = PBXGroup;
			children = (
				0A5EFC8B25BFC3E1008E3EAA /* Animated Cell.app */,
			);
			name = Products;
			sourceTree = "<group>";
		};
		0A5EFC8D25BFC3E1008E3EAA /* Animated Cell */ = {
			isa = PBXGroup;
			children = (
				0A5EFC9425BFC3E1008E3EAA /* Main.storyboard */,
				0A5EFCA325BFC5B7008E3EAA /* View */,
				0A5EFCAA25BFC61A008E3EAA /* Controller */,
				0A5EFCAB25BFC624008E3EAA /* Resource */,
				0A5EFC9C25BFC3E4008E3EAA /* Info.plist */,
			);
			path = "Animated Cell";
			sourceTree = "<group>";
		};
		0A5EFCA325BFC5B7008E3EAA /* View */ = {
			isa = PBXGroup;
			children = (
				0A5EFCA425BFC5D2008E3EAA /* TestCell.swift */,
				0A5EFCA525BFC5D2008E3EAA /* TestCell.xib */,
				0A5EFCAD25BFF9E5008E3EAA /* SkeletonCell.swift */,
				0A5EFCAE25BFF9E5008E3EAA /* SkeletonCell.xib */,
			);
			path = View;
			sourceTree = "<group>";
		};
		0A5EFCAA25BFC61A008E3EAA /* Controller */ = {
			isa = PBXGroup;
			children = (
				0A5EFC9225BFC3E1008E3EAA /* ViewController.swift */,
				0A5EFCB225BFF9FB008E3EAA /* SkeletonViewController.swift */,
			);
			path = Controller;
			sourceTree = "<group>";
		};
		0A5EFCAB25BFC624008E3EAA /* Resource */ = {
			isa = PBXGroup;
			children = (
				0A5EFC8E25BFC3E1008E3EAA /* AppDelegate.swift */,
				0A5EFC9025BFC3E1008E3EAA /* SceneDelegate.swift */,
				0A5EFC9725BFC3E4008E3EAA /* Assets.xcassets */,
				0A5EFC9925BFC3E4008E3EAA /* LaunchScreen.storyboard */,
			);
			path = Resource;
			sourceTree = "<group>";
		};
		0F5F85D1FBCA3DABB99BCAD9 /* Frameworks */ = {
			isa = PBXGroup;
			children = (
				1C2AA5EAF155F9C055F903B8 /* Pods_Animated_Cell.framework */,
			);
			name = Frameworks;
			sourceTree = "<group>";
		};
		B7EEA6A2EA2E213E74D0E14F /* Pods */ = {
			isa = PBXGroup;
			children = (
				BA0F32B285DA69B5CC75D06C /* Pods-Animated Cell.debug.xcconfig */,
				4E69A47ECF9192DE944F5EF6 /* Pods-Animated Cell.release.xcconfig */,
			);
			name = Pods;
			path = Pods;
			sourceTree = "<group>";
		};
/* End PBXGroup section */

/* Begin PBXNativeTarget section */
		0A5EFC8A25BFC3E1008E3EAA /* Animated Cell */ = {
			isa = PBXNativeTarget;
			buildConfigurationList = 0A5EFC9F25BFC3E4008E3EAA /* Build configuration list for PBXNativeTarget "Animated Cell" */;
			buildPhases = (
				5BE4DDC49809DAFFDD163567 /* [CP] Check Pods Manifest.lock */,
				0A5EFC8725BFC3E1008E3EAA /* Sources */,
				0A5EFC8825BFC3E1008E3EAA /* Frameworks */,
				0A5EFC8925BFC3E1008E3EAA /* Resources */,
				D6D9975AC06BE3CEE875226D /* [CP] Embed Pods Frameworks */,
			);
			buildRules = (
			);
			dependencies = (
			);
			name = "Animated Cell";
			productName = "Animated Cell";
			productReference = 0A5EFC8B25BFC3E1008E3EAA /* Animated Cell.app */;
			productType = "com.apple.product-type.application";
		};
/* End PBXNativeTarget section */

/* Begin PBXProject section */
		0A5EFC8325BFC3E0008E3EAA /* Project object */ = {
			isa = PBXProject;
			attributes = {
				LastSwiftUpdateCheck = 1230;
				LastUpgradeCheck = 1230;
				TargetAttributes = {
					0A5EFC8A25BFC3E1008E3EAA = {
						CreatedOnToolsVersion = 12.3;
					};
				};
			};
			buildConfigurationList = 0A5EFC8625BFC3E0008E3EAA /* Build configuration list for PBXProject "Animated Cell" */;
			compatibilityVersion = "Xcode 9.3";
			developmentRegion = en;
			hasScannedForEncodings = 0;
			knownRegions = (
				en,
				Base,
			);
			mainGroup = 0A5EFC8225BFC3E0008E3EAA;
			productRefGroup = 0A5EFC8C25BFC3E1008E3EAA /* Products */;
			projectDirPath = "";
			projectRoot = "";
			targets = (
				0A5EFC8A25BFC3E1008E3EAA /* Animated Cell */,
			);
		};
/* End PBXProject section */

/* Begin PBXResourcesBuildPhase section */
		0A5EFC8925BFC3E1008E3EAA /* Resources */ = {
			isa = PBXResourcesBuildPhase;
			buildActionMask = 2147483647;
			files = (
				0A5EFC9B25BFC3E4008E3EAA /* LaunchScreen.storyboard in Resources */,
				0A5EFCA725BFC5D2008E3EAA /* TestCell.xib in Resources */,
				0A5EFCB025BFF9E5008E3EAA /* SkeletonCell.xib in Resources */,
				0A5EFC9825BFC3E4008E3EAA /* Assets.xcassets in Resources */,
				0A5EFC9625BFC3E1008E3EAA /* Main.storyboard in Resources */,
			);
			runOnlyForDeploymentPostprocessing = 0;
		};
/* End PBXResourcesBuildPhase section */

/* Begin PBXShellScriptBuildPhase section */
		5BE4DDC49809DAFFDD163567 /* [CP] Check Pods Manifest.lock */ = {
			isa = PBXShellScriptBuildPhase;
			buildActionMask = 2147483647;
			files = (
			);
			inputFileListPaths = (
			);
			inputPaths = (
				"${PODS_PODFILE_DIR_PATH}/Podfile.lock",
				"${PODS_ROOT}/Manifest.lock",
			);
			name = "[CP] Check Pods Manifest.lock";
			outputFileListPaths = (
			);
			outputPaths = (
				"$(DERIVED_FILE_DIR)/Pods-Animated Cell-checkManifestLockResult.txt",
			);
			runOnlyForDeploymentPostprocessing = 0;
			shellPath = /bin/sh;
			shellScript = "diff \"${PODS_PODFILE_DIR_PATH}/Podfile.lock\" \"${PODS_ROOT}/Manifest.lock\" > /dev/null\nif [ $? != 0 ] ; then\n    # print error to STDERR\n    echo \"error: The sandbox is not in sync with the Podfile.lock. Run 'pod install' or update your CocoaPods installation.\" >&2\n    exit 1\nfi\n# This output is used by Xcode 'outputs' to avoid re-running this script phase.\necho \"SUCCESS\" > \"${SCRIPT_OUTPUT_FILE_0}\"\n";
			showEnvVarsInLog = 0;
		};
		D6D9975AC06BE3CEE875226D /* [CP] Embed Pods Frameworks */ = {
			isa = PBXShellScriptBuildPhase;
			buildActionMask = 2147483647;
			files = (
			);
			inputFileListPaths = (
				"${PODS_ROOT}/Target Support Files/Pods-Animated Cell/Pods-Animated Cell-frameworks-${CONFIGURATION}-input-files.xcfilelist",
			);
			name = "[CP] Embed Pods Frameworks";
			outputFileListPaths = (
				"${PODS_ROOT}/Target Support Files/Pods-Animated Cell/Pods-Animated Cell-frameworks-${CONFIGURATION}-output-files.xcfilelist",
			);
			runOnlyForDeploymentPostprocessing = 0;
			shellPath = /bin/sh;
			shellScript = "\"${PODS_ROOT}/Target Support Files/Pods-Animated Cell/Pods-Animated Cell-frameworks.sh\"\n";
			showEnvVarsInLog = 0;
		};
/* End PBXShellScriptBuildPhase section */

/* Begin PBXSourcesBuildPhase section */
		0A5EFC8725BFC3E1008E3EAA /* Sources */ = {
			isa = PBXSourcesBuildPhase;
			buildActionMask = 2147483647;
			files = (
				0A5EFCAF25BFF9E5008E3EAA /* SkeletonCell.swift in Sources */,
				0A5EFC9325BFC3E1008E3EAA /* ViewController.swift in Sources */,
				0A5EFCA625BFC5D2008E3EAA /* TestCell.swift in Sources */,
				0A5EFC8F25BFC3E1008E3EAA /* AppDelegate.swift in Sources */,
				0A5EFC9125BFC3E1008E3EAA /* SceneDelegate.swift in Sources */,
				0A5EFCB325BFF9FB008E3EAA /* SkeletonViewController.swift in Sources */,
			);
			runOnlyForDeploymentPostprocessing = 0;
		};
/* End PBXSourcesBuildPhase section */

/* Begin PBXVariantGroup section */
		0A5EFC9425BFC3E1008E3EAA /* Main.storyboard */ = {
			isa = PBXVariantGroup;
			children = (
				0A5EFC9525BFC3E1008E3EAA /* Base */,
			);
			name = Main.storyboard;
			sourceTree = "<group>";
		};
		0A5EFC9925BFC3E4008E3EAA /* LaunchScreen.storyboard */ = {
			isa = PBXVariantGroup;
			children = (
				0A5EFC9A25BFC3E4008E3EAA /* Base */,
			);
			name = LaunchScreen.storyboard;
			sourceTree = "<group>";
		};
/* End PBXVariantGroup section */

/* Begin XCBuildConfiguration section */
		0A5EFC9D25BFC3E4008E3EAA /* Debug */ = {
			isa = XCBuildConfiguration;
			buildSettings = {
				ALWAYS_SEARCH_USER_PATHS = NO;
				CLANG_ANALYZER_NONNULL = YES;
				CLANG_ANALYZER_NUMBER_OBJECT_CONVERSION = YES_AGGRESSIVE;
				CLANG_CXX_LANGUAGE_STANDARD = "gnu++14";
				CLANG_CXX_LIBRARY = "libc++";
				CLANG_ENABLE_MODULES = YES;
				CLANG_ENABLE_OBJC_ARC = YES;
				CLANG_ENABLE_OBJC_WEAK = YES;
				CLANG_WARN_BLOCK_CAPTURE_AUTORELEASING = YES;
				CLANG_WARN_BOOL_CONVERSION = YES;
				CLANG_WARN_COMMA = YES;
				CLANG_WARN_CONSTANT_CONVERSION = YES;
				CLANG_WARN_DEPRECATED_OBJC_IMPLEMENTATIONS = YES;
				CLANG_WARN_DIRECT_OBJC_ISA_USAGE = YES_ERROR;
				CLANG_WARN_DOCUMENTATION_COMMENTS = YES;
				CLANG_WARN_EMPTY_BODY = YES;
				CLANG_WARN_ENUM_CONVERSION = YES;
				CLANG_WARN_INFINITE_RECURSION = YES;
				CLANG_WARN_INT_CONVERSION = YES;
				CLANG_WARN_NON_LITERAL_NULL_CONVERSION = YES;
				CLANG_WARN_OBJC_IMPLICIT_RETAIN_SELF = YES;
				CLANG_WARN_OBJC_LITERAL_CONVERSION = YES;
				CLANG_WARN_OBJC_ROOT_CLASS = YES_ERROR;
				CLANG_WARN_QUOTED_INCLUDE_IN_FRAMEWORK_HEADER = YES;
				CLANG_WARN_RANGE_LOOP_ANALYSIS = YES;
				CLANG_WARN_STRICT_PROTOTYPES = YES;
				CLANG_WARN_SUSPICIOUS_MOVE = YES;
				CLANG_WARN_UNGUARDED_AVAILABILITY = YES_AGGRESSIVE;
				CLANG_WARN_UNREACHABLE_CODE = YES;
				CLANG_WARN__DUPLICATE_METHOD_MATCH = YES;
				COPY_PHASE_STRIP = NO;
				DEBUG_INFORMATION_FORMAT = dwarf;
				ENABLE_STRICT_OBJC_MSGSEND = YES;
				ENABLE_TESTABILITY = YES;
				GCC_C_LANGUAGE_STANDARD = gnu11;
				GCC_DYNAMIC_NO_PIC = NO;
				GCC_NO_COMMON_BLOCKS = YES;
				GCC_OPTIMIZATION_LEVEL = 0;
				GCC_PREPROCESSOR_DEFINITIONS = (
					"DEBUG=1",
					"$(inherited)",
				);
				GCC_WARN_64_TO_32_BIT_CONVERSION = YES;
				GCC_WARN_ABOUT_RETURN_TYPE = YES_ERROR;
				GCC_WARN_UNDECLARED_SELECTOR = YES;
				GCC_WARN_UNINITIALIZED_AUTOS = YES_AGGRESSIVE;
				GCC_WARN_UNUSED_FUNCTION = YES;
				GCC_WARN_UNUSED_VARIABLE = YES;
				IPHONEOS_DEPLOYMENT_TARGET = 14.3;
				MTL_ENABLE_DEBUG_INFO = INCLUDE_SOURCE;
				MTL_FAST_MATH = YES;
				ONLY_ACTIVE_ARCH = YES;
				SDKROOT = iphoneos;
				SWIFT_ACTIVE_COMPILATION_CONDITIONS = DEBUG;
				SWIFT_OPTIMIZATION_LEVEL = "-Onone";
			};
			name = Debug;
		};
		0A5EFC9E25BFC3E4008E3EAA /* Release */ = {
			isa = XCBuildConfiguration;
			buildSettings = {
				ALWAYS_SEARCH_USER_PATHS = NO;
				CLANG_ANALYZER_NONNULL = YES;
				CLANG_ANALYZER_NUMBER_OBJECT_CONVERSION = YES_AGGRESSIVE;
				CLANG_CXX_LANGUAGE_STANDARD = "gnu++14";
				CLANG_CXX_LIBRARY = "libc++";
				CLANG_ENABLE_MODULES = YES;
				CLANG_ENABLE_OBJC_ARC = YES;
				CLANG_ENABLE_OBJC_WEAK = YES;
				CLANG_WARN_BLOCK_CAPTURE_AUTORELEASING = YES;
				CLANG_WARN_BOOL_CONVERSION = YES;
				CLANG_WARN_COMMA = YES;
				CLANG_WARN_CONSTANT_CONVERSION = YES;
				CLANG_WARN_DEPRECATED_OBJC_IMPLEMENTATIONS = YES;
				CLANG_WARN_DIRECT_OBJC_ISA_USAGE = YES_ERROR;
				CLANG_WARN_DOCUMENTATION_COMMENTS = YES;
				CLANG_WARN_EMPTY_BODY = YES;
				CLANG_WARN_ENUM_CONVERSION = YES;
				CLANG_WARN_INFINITE_RECURSION = YES;
				CLANG_WARN_INT_CONVERSION = YES;
				CLANG_WARN_NON_LITERAL_NULL_CONVERSION = YES;
				CLANG_WARN_OBJC_IMPLICIT_RETAIN_SELF = YES;
				CLANG_WARN_OBJC_LITERAL_CONVERSION = YES;
				CLANG_WARN_OBJC_ROOT_CLASS = YES_ERROR;
				CLANG_WARN_QUOTED_INCLUDE_IN_FRAMEWORK_HEADER = YES;
				CLANG_WARN_RANGE_LOOP_ANALYSIS = YES;
				CLANG_WARN_STRICT_PROTOTYPES = YES;
				CLANG_WARN_SUSPICIOUS_MOVE = YES;
				CLANG_WARN_UNGUARDED_AVAILABILITY = YES_AGGRESSIVE;
				CLANG_WARN_UNREACHABLE_CODE = YES;
				CLANG_WARN__DUPLICATE_METHOD_MATCH = YES;
				COPY_PHASE_STRIP = NO;
				DEBUG_INFORMATION_FORMAT = "dwarf-with-dsym";
				ENABLE_NS_ASSERTIONS = NO;
				ENABLE_STRICT_OBJC_MSGSEND = YES;
				GCC_C_LANGUAGE_STANDARD = gnu11;
				GCC_NO_COMMON_BLOCKS = YES;
				GCC_WARN_64_TO_32_BIT_CONVERSION = YES;
				GCC_WARN_ABOUT_RETURN_TYPE = YES_ERROR;
				GCC_WARN_UNDECLARED_SELECTOR = YES;
				GCC_WARN_UNINITIALIZED_AUTOS = YES_AGGRESSIVE;
				GCC_WARN_UNUSED_FUNCTION = YES;
				GCC_WARN_UNUSED_VARIABLE = YES;
				IPHONEOS_DEPLOYMENT_TARGET = 14.3;
				MTL_ENABLE_DEBUG_INFO = NO;
				MTL_FAST_MATH = YES;
				SDKROOT = iphoneos;
				SWIFT_COMPILATION_MODE = wholemodule;
				SWIFT_OPTIMIZATION_LEVEL = "-O";
				VALIDATE_PRODUCT = YES;
			};
			name = Release;
		};
		0A5EFCA025BFC3E4008E3EAA /* Debug */ = {
			isa = XCBuildConfiguration;
			baseConfigurationReference = BA0F32B285DA69B5CC75D06C /* Pods-Animated Cell.debug.xcconfig */;
			buildSettings = {
				ASSETCATALOG_COMPILER_APPICON_NAME = AppIcon;
				ASSETCATALOG_COMPILER_GLOBAL_ACCENT_COLOR_NAME = AccentColor;
				CODE_SIGN_STYLE = Automatic;
				DEVELOPMENT_TEAM = 3LCCS7YAZ3;
				INFOPLIST_FILE = "Animated Cell/Info.plist";
				LD_RUNPATH_SEARCH_PATHS = (
					"$(inherited)",
					"@executable_path/Frameworks",
				);
				PRODUCT_BUNDLE_IDENTIFIER = "com.ken.Animated-Cell";
				PRODUCT_NAME = "$(TARGET_NAME)";
				SWIFT_VERSION = 5.0;
				TARGETED_DEVICE_FAMILY = "1,2";
			};
			name = Debug;
		};
		0A5EFCA125BFC3E4008E3EAA /* Release */ = {
			isa = XCBuildConfiguration;
			baseConfigurationReference = 4E69A47ECF9192DE944F5EF6 /* Pods-Animated Cell.release.xcconfig */;
			buildSettings = {
				ASSETCATALOG_COMPILER_APPICON_NAME = AppIcon;
				ASSETCATALOG_COMPILER_GLOBAL_ACCENT_COLOR_NAME = AccentColor;
				CODE_SIGN_STYLE = Automatic;
				DEVELOPMENT_TEAM = 3LCCS7YAZ3;
				INFOPLIST_FILE = "Animated Cell/Info.plist";
				LD_RUNPATH_SEARCH_PATHS = (
					"$(inherited)",
					"@executable_path/Frameworks",
				);
				PRODUCT_BUNDLE_IDENTIFIER = "com.ken.Animated-Cell";
				PRODUCT_NAME = "$(TARGET_NAME)";
				SWIFT_VERSION = 5.0;
				TARGETED_DEVICE_FAMILY = "1,2";
			};
			name = Release;
		};
/* End XCBuildConfiguration section */

/* Begin XCConfigurationList section */
		0A5EFC8625BFC3E0008E3EAA /* Build configuration list for PBXProject "Animated Cell" */ = {
			isa = XCConfigurationList;
			buildConfigurations = (
				0A5EFC9D25BFC3E4008E3EAA /* Debug */,
				0A5EFC9E25BFC3E4008E3EAA /* Release */,
			);
			defaultConfigurationIsVisible = 0;
			defaultConfigurationName = Release;
		};
		0A5EFC9F25BFC3E4008E3EAA /* Build configuration list for PBXNativeTarget "Animated Cell" */ = {
			isa = XCConfigurationList;
			buildConfigurations = (
				0A5EFCA025BFC3E4008E3EAA /* Debug */,
				0A5EFCA125BFC3E4008E3EAA /* Release */,
			);
			defaultConfigurationIsVisible = 0;
			defaultConfigurationName = Release;
		};
/* End XCConfigurationList section */
	};
	rootObject = 0A5EFC8325BFC3E0008E3EAA /* Project object */;
}
