// !$*UTF8*$!
{
	archiveVersion = 1;
	classes = {
	};
	objectVersion = 55;
	objects = {

/* Begin PBXBuildFile section */
		626BB3C8276AF66C00848F29 /* AppDelegate.swift in Sources */ = {isa = PBXBuildFile; fileRef = 626BB3C7276AF66C00848F29 /* AppDelegate.swift */; };
		626BB3CA276AF66C00848F29 /* SceneDelegate.swift in Sources */ = {isa = PBXBuildFile; fileRef = 626BB3C9276AF66C00848F29 /* SceneDelegate.swift */; };
		626BB3CC276AF66C00848F29 /* ViewController.swift in Sources */ = {isa = PBXBuildFile; fileRef = 626BB3CB276AF66C00848F29 /* ViewController.swift */; };
		626BB3CF276AF66C00848F29 /* Main.storyboard in Resources */ = {isa = PBXBuildFile; fileRef = 626BB3CD276AF66C00848F29 /* Main.storyboard */; };
		626BB3D1276AF67300848F29 /* Assets.xcassets in Resources */ = {isa = PBXBuildFile; fileRef = 626BB3D0276AF67300848F29 /* Assets.xcassets */; };
		626BB3D4276AF67300848F29 /* LaunchScreen.storyboard in Resources */ = {isa = PBXBuildFile; fileRef = 626BB3D2276AF67300848F29 /* LaunchScreen.storyboard */; };
		626BB3DE276AF87D00848F29 /* LoadingButton.swift in Sources */ = {isa = PBXBuildFile; fileRef = 626BB3DD276AF87D00848F29 /* LoadingButton.swift */; };
		626BB3E0276AF8A300848F29 /* ActivityIndicatorView.swift in Sources */ = {isa = PBXBuildFile; fileRef = 626BB3DF276AF8A300848F29 /* ActivityIndicatorView.swift */; };
/* End PBXBuildFile section */

/* Begin PBXFileReference section */
		626BB3C4276AF66C00848F29 /* LoadingButton.app */ = {isa = PBXFileReference; explicitFileType = wrapper.application; includeInIndex = 0; path = LoadingButton.app; sourceTree = BUILT_PRODUCTS_DIR; };
		626BB3C7276AF66C00848F29 /* AppDelegate.swift */ = {isa = PBXFileReference; lastKnownFileType = sourcecode.swift; path = AppDelegate.swift; sourceTree = "<group>"; };
		626BB3C9276AF66C00848F29 /* SceneDelegate.swift */ = {isa = PBXFileReference; lastKnownFileType = sourcecode.swift; path = SceneDelegate.swift; sourceTree = "<group>"; };
		626BB3CB276AF66C00848F29 /* ViewController.swift */ = {isa = PBXFileReference; lastKnownFileType = sourcecode.swift; path = ViewController.swift; sourceTree = "<group>"; };
		626BB3CE276AF66C00848F29 /* Base */ = {isa = PBXFileReference; lastKnownFileType = file.storyboard; name = Base; path = Base.lproj/Main.storyboard; sourceTree = "<group>"; };
		626BB3D0276AF67300848F29 /* Assets.xcassets */ = {isa = PBXFileReference; lastKnownFileType = folder.assetcatalog; path = Assets.xcassets; sourceTree = "<group>"; };
		626BB3D3276AF67300848F29 /* Base */ = {isa = PBXFileReference; lastKnownFileType = file.storyboard; name = Base; path = Base.lproj/LaunchScreen.storyboard; sourceTree = "<group>"; };
		626BB3D5276AF67300848F29 /* Info.plist */ = {isa = PBXFileReference; lastKnownFileType = text.plist.xml; path = Info.plist; sourceTree = "<group>"; };
		626BB3DD276AF87D00848F29 /* LoadingButton.swift */ = {isa = PBXFileReference; lastKnownFileType = sourcecode.swift; path = LoadingButton.swift; sourceTree = "<group>"; };
		626BB3DF276AF8A300848F29 /* ActivityIndicatorView.swift */ = {isa = PBXFileReference; lastKnownFileType = sourcecode.swift; path = ActivityIndicatorView.swift; sourceTree = "<group>"; };
/* End PBXFileReference section */

/* Begin PBXFrameworksBuildPhase section */
		626BB3C1276AF66C00848F29 /* Frameworks */ = {
			isa = PBXFrameworksBuildPhase;
			buildActionMask = 2147483647;
			files = (
			);
			runOnlyForDeploymentPostprocessing = 0;
		};
/* End PBXFrameworksBuildPhase section */

/* Begin PBXGroup section */
		626BB3BB276AF66B00848F29 = {
			isa = PBXGroup;
			children = (
				626BB3C6276AF66C00848F29 /* LoadingButton */,
				626BB3C5276AF66C00848F29 /* Products */,
			);
			sourceTree = "<group>";
		};
		626BB3C5276AF66C00848F29 /* Products */ = {
			isa = PBXGroup;
			children = (
				626BB3C4276AF66C00848F29 /* LoadingButton.app */,
			);
			name = Products;
			sourceTree = "<group>";
		};
		626BB3C6276AF66C00848F29 /* LoadingButton */ = {
			isa = PBXGroup;
			children = (
				626BB3CD276AF66C00848F29 /* Main.storyboard */,
				626BB3DC276AF85F00848F29 /* Expands */,
				626BB3CB276AF66C00848F29 /* ViewController.swift */,
				626BB3DB276AF7A700848F29 /* Resources */,
				626BB3D5276AF67300848F29 /* Info.plist */,
			);
			path = LoadingButton;
			sourceTree = "<group>";
		};
		626BB3DB276AF7A700848F29 /* Resources */ = {
			isa = PBXGroup;
			children = (
				626BB3C7276AF66C00848F29 /* AppDelegate.swift */,
				626BB3C9276AF66C00848F29 /* SceneDelegate.swift */,
				626BB3D0276AF67300848F29 /* Assets.xcassets */,
				626BB3D2276AF67300848F29 /* LaunchScreen.storyboard */,
			);
			path = Resources;
			sourceTree = "<group>";
		};
		626BB3DC276AF85F00848F29 /* Expands */ = {
			isa = PBXGroup;
			children = (
				626BB3DD276AF87D00848F29 /* LoadingButton.swift */,
				626BB3DF276AF8A300848F29 /* ActivityIndicatorView.swift */,
			);
			path = Expands;
			sourceTree = "<group>";
		};
/* End PBXGroup section */

/* Begin PBXNativeTarget section */
		626BB3C3276AF66C00848F29 /* LoadingButton */ = {
			isa = PBXNativeTarget;
			buildConfigurationList = 626BB3D8276AF67300848F29 /* Build configuration list for PBXNativeTarget "LoadingButton" */;
			buildPhases = (
				626BB3C0276AF66C00848F29 /* Sources */,
				626BB3C1276AF66C00848F29 /* Frameworks */,
				626BB3C2276AF66C00848F29 /* Resources */,
			);
			buildRules = (
			);
			dependencies = (
			);
			name = LoadingButton;
			productName = LoadingButton;
			productReference = 626BB3C4276AF66C00848F29 /* LoadingButton.app */;
			productType = "com.apple.product-type.application";
		};
/* End PBXNativeTarget section */

/* Begin PBXProject section */
		626BB3BC276AF66B00848F29 /* Project object */ = {
			isa = PBXProject;
			attributes = {
				BuildIndependentTargetsInParallel = 1;
				LastSwiftUpdateCheck = 1310;
				LastUpgradeCheck = 1310;
				TargetAttributes = {
					626BB3C3276AF66C00848F29 = {
						CreatedOnToolsVersion = 13.1;
					};
				};
			};
			buildConfigurationList = 626BB3BF276AF66B00848F29 /* Build configuration list for PBXProject "LoadingButton" */;
			compatibilityVersion = "Xcode 13.0";
			developmentRegion = en;
			hasScannedForEncodings = 0;
			knownRegions = (
				en,
				Base,
			);
			mainGroup = 626BB3BB276AF66B00848F29;
			productRefGroup = 626BB3C5276AF66C00848F29 /* Products */;
			projectDirPath = "";
			projectRoot = "";
			targets = (
				626BB3C3276AF66C00848F29 /* LoadingButton */,
			);
		};
/* End PBXProject section */

/* Begin PBXResourcesBuildPhase section */
		626BB3C2276AF66C00848F29 /* Resources */ = {
			isa = PBXResourcesBuildPhase;
			buildActionMask = 2147483647;
			files = (
				626BB3D4276AF67300848F29 /* LaunchScreen.storyboard in Resources */,
				626BB3D1276AF67300848F29 /* Assets.xcassets in Resources */,
				626BB3CF276AF66C00848F29 /* Main.storyboard in Resources */,
			);
			runOnlyForDeploymentPostprocessing = 0;
		};
/* End PBXResourcesBuildPhase section */

/* Begin PBXSourcesBuildPhase section */
		626BB3C0276AF66C00848F29 /* Sources */ = {
			isa = PBXSourcesBuildPhase;
			buildActionMask = 2147483647;
			files = (
				626BB3CC276AF66C00848F29 /* ViewController.swift in Sources */,
				626BB3E0276AF8A300848F29 /* ActivityIndicatorView.swift in Sources */,
				626BB3C8276AF66C00848F29 /* AppDelegate.swift in Sources */,
				626BB3DE276AF87D00848F29 /* LoadingButton.swift in Sources */,
				626BB3CA276AF66C00848F29 /* SceneDelegate.swift in Sources */,
			);
			runOnlyForDeploymentPostprocessing = 0;
		};
/* End PBXSourcesBuildPhase section */

/* Begin PBXVariantGroup section */
		626BB3CD276AF66C00848F29 /* Main.storyboard */ = {
			isa = PBXVariantGroup;
			children = (
				626BB3CE276AF66C00848F29 /* Base */,
			);
			name = Main.storyboard;
			sourceTree = "<group>";
		};
		626BB3D2276AF67300848F29 /* LaunchScreen.storyboard */ = {
			isa = PBXVariantGroup;
			children = (
				626BB3D3276AF67300848F29 /* Base */,
			);
			name = LaunchScreen.storyboard;
			sourceTree = "<group>";
		};
/* End PBXVariantGroup section */

/* Begin XCBuildConfiguration section */
		626BB3D6276AF67300848F29 /* Debug */ = {
			isa = XCBuildConfiguration;
			buildSettings = {
				ALWAYS_SEARCH_USER_PATHS = NO;
				CLANG_ANALYZER_NONNULL = YES;
				CLANG_ANALYZER_NUMBER_OBJECT_CONVERSION = YES_AGGRESSIVE;
				CLANG_CXX_LANGUAGE_STANDARD = "gnu++17";
				CLANG_CXX_LIBRARY = "libc++";
				CLANG_ENABLE_MODULES = YES;
				CLANG_ENABLE_OBJC_ARC = YES;
				CLANG_ENABLE_OBJC_WEAK = YES;
				CLANG_WARN_BLOCK_CAPTURE_AUTORELEASING = YES;
				CLANG_WARN_BOOL_CONVERSION = YES;
				CLANG_WARN_COMMA = YES;
				CLANG_WARN_CONSTANT_CONVERSION = YES;
				CLANG_WARN_DEPRECATED_OBJC_IMPLEMENTATIONS = YES;
				CLANG_WARN_DIRECT_OBJC_ISA_USAGE = YES_ERROR;
				CLANG_WARN_DOCUMENTATION_COMMENTS = YES;
				CLANG_WARN_EMPTY_BODY = YES;
				CLANG_WARN_ENUM_CONVERSION = YES;
				CLANG_WARN_INFINITE_RECURSION = YES;
				CLANG_WARN_INT_CONVERSION = YES;
				CLANG_WARN_NON_LITERAL_NULL_CONVERSION = YES;
				CLANG_WARN_OBJC_IMPLICIT_RETAIN_SELF = YES;
				CLANG_WARN_OBJC_LITERAL_CONVERSION = YES;
				CLANG_WARN_OBJC_ROOT_CLASS = YES_ERROR;
				CLANG_WARN_QUOTED_INCLUDE_IN_FRAMEWORK_HEADER = YES;
				CLANG_WARN_RANGE_LOOP_ANALYSIS = YES;
				CLANG_WARN_STRICT_PROTOTYPES = YES;
				CLANG_WARN_SUSPICIOUS_MOVE = YES;
				CLANG_WARN_UNGUARDED_AVAILABILITY = YES_AGGRESSIVE;
				CLANG_WARN_UNREACHABLE_CODE = YES;
				CLANG_WARN__DUPLICATE_METHOD_MATCH = YES;
				COPY_PHASE_STRIP = NO;
				DEBUG_INFORMATION_FORMAT = dwarf;
				ENABLE_STRICT_OBJC_MSGSEND = YES;
				ENABLE_TESTABILITY = YES;
				GCC_C_LANGUAGE_STANDARD = gnu11;
				GCC_DYNAMIC_NO_PIC = NO;
				GCC_NO_COMMON_BLOCKS = YES;
				GCC_OPTIMIZATION_LEVEL = 0;
				GCC_PREPROCESSOR_DEFINITIONS = (
					"DEBUG=1",
					"$(inherited)",
				);
				GCC_WARN_64_TO_32_BIT_CONVERSION = YES;
				GCC_WARN_ABOUT_RETURN_TYPE = YES_ERROR;
				GCC_WARN_UNDECLARED_SELECTOR = YES;
				GCC_WARN_UNINITIALIZED_AUTOS = YES_AGGRESSIVE;
				GCC_WARN_UNUSED_FUNCTION = YES;
				GCC_WARN_UNUSED_VARIABLE = YES;
				IPHONEOS_DEPLOYMENT_TARGET = 13.0;
				MTL_ENABLE_DEBUG_INFO = INCLUDE_SOURCE;
				MTL_FAST_MATH = YES;
				ONLY_ACTIVE_ARCH = YES;
				SDKROOT = iphoneos;
				SWIFT_ACTIVE_COMPILATION_CONDITIONS = DEBUG;
				SWIFT_OPTIMIZATION_LEVEL = "-Onone";
			};
			name = Debug;
		};
		626BB3D7276AF67300848F29 /* Release */ = {
			isa = XCBuildConfiguration;
			buildSettings = {
				ALWAYS_SEARCH_USER_PATHS = NO;
				CLANG_ANALYZER_NONNULL = YES;
				CLANG_ANALYZER_NUMBER_OBJECT_CONVERSION = YES_AGGRESSIVE;
				CLANG_CXX_LANGUAGE_STANDARD = "gnu++17";
				CLANG_CXX_LIBRARY = "libc++";
				CLANG_ENABLE_MODULES = YES;
				CLANG_ENABLE_OBJC_ARC = YES;
				CLANG_ENABLE_OBJC_WEAK = YES;
				CLANG_WARN_BLOCK_CAPTURE_AUTORELEASING = YES;
				CLANG_WARN_BOOL_CONVERSION = YES;
				CLANG_WARN_COMMA = YES;
				CLANG_WARN_CONSTANT_CONVERSION = YES;
				CLANG_WARN_DEPRECATED_OBJC_IMPLEMENTATIONS = YES;
				CLANG_WARN_DIRECT_OBJC_ISA_USAGE = YES_ERROR;
				CLANG_WARN_DOCUMENTATION_COMMENTS = YES;
				CLANG_WARN_EMPTY_BODY = YES;
				CLANG_WARN_ENUM_CONVERSION = YES;
				CLANG_WARN_INFINITE_RECURSION = YES;
				CLANG_WARN_INT_CONVERSION = YES;
				CLANG_WARN_NON_LITERAL_NULL_CONVERSION = YES;
				CLANG_WARN_OBJC_IMPLICIT_RETAIN_SELF = YES;
				CLANG_WARN_OBJC_LITERAL_CONVERSION = YES;
				CLANG_WARN_OBJC_ROOT_CLASS = YES_ERROR;
				CLANG_WARN_QUOTED_INCLUDE_IN_FRAMEWORK_HEADER = YES;
				CLANG_WARN_RANGE_LOOP_ANALYSIS = YES;
				CLANG_WARN_STRICT_PROTOTYPES = YES;
				CLANG_WARN_SUSPICIOUS_MOVE = YES;
				CLANG_WARN_UNGUARDED_AVAILABILITY = YES_AGGRESSIVE;
				CLANG_WARN_UNREACHABLE_CODE = YES;
				CLANG_WARN__DUPLICATE_METHOD_MATCH = YES;
				COPY_PHASE_STRIP = NO;
				DEBUG_INFORMATION_FORMAT = "dwarf-with-dsym";
				ENABLE_NS_ASSERTIONS = NO;
				ENABLE_STRICT_OBJC_MSGSEND = YES;
				GCC_C_LANGUAGE_STANDARD = gnu11;
				GCC_NO_COMMON_BLOCKS = YES;
				GCC_WARN_64_TO_32_BIT_CONVERSION = YES;
				GCC_WARN_ABOUT_RETURN_TYPE = YES_ERROR;
				GCC_WARN_UNDECLARED_SELECTOR = YES;
				GCC_WARN_UNINITIALIZED_AUTOS = YES_AGGRESSIVE;
				GCC_WARN_UNUSED_FUNCTION = YES;
				GCC_WARN_UNUSED_VARIABLE = YES;
				IPHONEOS_DEPLOYMENT_TARGET = 13.0;
				MTL_ENABLE_DEBUG_INFO = NO;
				MTL_FAST_MATH = YES;
				SDKROOT = iphoneos;
				SWIFT_COMPILATION_MODE = wholemodule;
				SWIFT_OPTIMIZATION_LEVEL = "-O";
				VALIDATE_PRODUCT = YES;
			};
			name = Release;
		};
		626BB3D9276AF67300848F29 /* Debug */ = {
			isa = XCBuildConfiguration;
			buildSettings = {
				ASSETCATALOG_COMPILER_APPICON_NAME = AppIcon;
				ASSETCATALOG_COMPILER_GLOBAL_ACCENT_COLOR_NAME = AccentColor;
				CODE_SIGN_STYLE = Automatic;
				CURRENT_PROJECT_VERSION = 1;
				DEVELOPMENT_TEAM = 79M2K68L4S;
				GENERATE_INFOPLIST_FILE = YES;
				INFOPLIST_FILE = LoadingButton/Info.plist;
				INFOPLIST_KEY_UIApplicationSupportsIndirectInputEvents = YES;
				INFOPLIST_KEY_UILaunchStoryboardName = LaunchScreen;
				INFOPLIST_KEY_UIMainStoryboardFile = Main;
				INFOPLIST_KEY_UISupportedInterfaceOrientations_iPad = "UIInterfaceOrientationPortrait UIInterfaceOrientationPortraitUpsideDown UIInterfaceOrientationLandscapeLeft UIInterfaceOrientationLandscapeRight";
				INFOPLIST_KEY_UISupportedInterfaceOrientations_iPhone = "UIInterfaceOrientationPortrait UIInterfaceOrientationLandscapeLeft UIInterfaceOrientationLandscapeRight";
				LD_RUNPATH_SEARCH_PATHS = (
					"$(inherited)",
					"@executable_path/Frameworks",
				);
				MARKETING_VERSION = 1.0;
				PRODUCT_BUNDLE_IDENTIFIER = com.ken.LoadingButton;
				PRODUCT_NAME = "$(TARGET_NAME)";
				SWIFT_EMIT_LOC_STRINGS = YES;
				SWIFT_VERSION = 5.0;
				TARGETED_DEVICE_FAMILY = "1,2";
			};
			name = Debug;
		};
		626BB3DA276AF67300848F29 /* Release */ = {
			isa = XCBuildConfiguration;
			buildSettings = {
				ASSETCATALOG_COMPILER_APPICON_NAME = AppIcon;
				ASSETCATALOG_COMPILER_GLOBAL_ACCENT_COLOR_NAME = AccentColor;
				CODE_SIGN_STYLE = Automatic;
				CURRENT_PROJECT_VERSION = 1;
				DEVELOPMENT_TEAM = 79M2K68L4S;
				GENERATE_INFOPLIST_FILE = YES;
				INFOPLIST_FILE = LoadingButton/Info.plist;
				INFOPLIST_KEY_UIApplicationSupportsIndirectInputEvents = YES;
				INFOPLIST_KEY_UILaunchStoryboardName = LaunchScreen;
				INFOPLIST_KEY_UIMainStoryboardFile = Main;
				INFOPLIST_KEY_UISupportedInterfaceOrientations_iPad = "UIInterfaceOrientationPortrait UIInterfaceOrientationPortraitUpsideDown UIInterfaceOrientationLandscapeLeft UIInterfaceOrientationLandscapeRight";
				INFOPLIST_KEY_UISupportedInterfaceOrientations_iPhone = "UIInterfaceOrientationPortrait UIInterfaceOrientationLandscapeLeft UIInterfaceOrientationLandscapeRight";
				LD_RUNPATH_SEARCH_PATHS = (
					"$(inherited)",
					"@executable_path/Frameworks",
				);
				MARKETING_VERSION = 1.0;
				PRODUCT_BUNDLE_IDENTIFIER = com.ken.LoadingButton;
				PRODUCT_NAME = "$(TARGET_NAME)";
				SWIFT_EMIT_LOC_STRINGS = YES;
				SWIFT_VERSION = 5.0;
				TARGETED_DEVICE_FAMILY = "1,2";
			};
			name = Release;
		};
/* End XCBuildConfiguration section */

/* Begin XCConfigurationList section */
		626BB3BF276AF66B00848F29 /* Build configuration list for PBXProject "LoadingButton" */ = {
			isa = XCConfigurationList;
			buildConfigurations = (
				626BB3D6276AF67300848F29 /* Debug */,
				626BB3D7276AF67300848F29 /* Release */,
			);
			defaultConfigurationIsVisible = 0;
			defaultConfigurationName = Release;
		};
		626BB3D8276AF67300848F29 /* Build configuration list for PBXNativeTarget "LoadingButton" */ = {
			isa = XCConfigurationList;
			buildConfigurations = (
				626BB3D9276AF67300848F29 /* Debug */,
				626BB3DA276AF67300848F29 /* Release */,
			);
			defaultConfigurationIsVisible = 0;
			defaultConfigurationName = Release;
		};
/* End XCConfigurationList section */
	};
	rootObject = 626BB3BC276AF66B00848F29 /* Project object */;
}
